// !$*UTF8*$!
{
	archiveVersion = 1;
	classes = {
	};
	objectVersion = 56;
	objects = {

/* Begin PBXBuildFile section */
		EA03363C2C9A301D007CDCFB /* Timer.swift in Sources */ = {isa = PBXBuildFile; fileRef = EA03363B2C9A301D007CDCFB /* Timer.swift */; };
		EA03363F2C9A307E007CDCFB /* TimerInfraTests.swift in Sources */ = {isa = PBXBuildFile; fileRef = EA03363E2C9A307E007CDCFB /* TimerInfraTests.swift */; };
		EA0336422C9A3F37007CDCFB /* FoundationTimer.swift in Sources */ = {isa = PBXBuildFile; fileRef = EA0336412C9A3F37007CDCFB /* FoundationTimer.swift */; };
		EA0336452C9C870F007CDCFB /* ExchangeViewController.swift in Sources */ = {isa = PBXBuildFile; fileRef = EA0336442C9C870F007CDCFB /* ExchangeViewController.swift */; };
		EA5875CF2C9281E900CD1C34 /* BinanceExchangeMapper.swift in Sources */ = {isa = PBXBuildFile; fileRef = EA5875CE2C9281E900CD1C34 /* BinanceExchangeMapper.swift */; };
		EA5875D42C92824600CD1C34 /* CryptoCompareExchangeMapperTests.swift in Sources */ = {isa = PBXBuildFile; fileRef = EA5875D32C92824600CD1C34 /* CryptoCompareExchangeMapperTests.swift */; };
		EA5875D62C92829700CD1C34 /* CryptoCompareExchangeMapper.swift in Sources */ = {isa = PBXBuildFile; fileRef = EA5875D52C92829700CD1C34 /* CryptoCompareExchangeMapper.swift */; };
		EA5875D82C9287B500CD1C34 /* HTTPClient.swift in Sources */ = {isa = PBXBuildFile; fileRef = EA5875D72C9287B500CD1C34 /* HTTPClient.swift */; };
		EA5875DE2C933ECF00CD1C34 /* Helpers.swift in Sources */ = {isa = PBXBuildFile; fileRef = EA5875DD2C933ECF00CD1C34 /* Helpers.swift */; };
		EA5875F32C93717E00CD1C34 /* URLSessionHTTPClientTests.swift in Sources */ = {isa = PBXBuildFile; fileRef = EA5875F22C93717E00CD1C34 /* URLSessionHTTPClientTests.swift */; };
		EA5875F62C93A0B300CD1C34 /* URLSessionHTTPClient.swift in Sources */ = {isa = PBXBuildFile; fileRef = EA5875F52C93A0B300CD1C34 /* URLSessionHTTPClient.swift */; };
		EA5876042C93A77500CD1C34 /* BTCTracker.framework in Frameworks */ = {isa = PBXBuildFile; fileRef = EADC434F2C90BFE0004414F0 /* BTCTracker.framework */; };
		EA58760A2C93A77E00CD1C34 /* BinanceAPIEndToEndTests.swift in Sources */ = {isa = PBXBuildFile; fileRef = EA5875FA2C93A26100CD1C34 /* BinanceAPIEndToEndTests.swift */; };
		EA5AABE92C9643AC00B30258 /* SharedTestHelpers.swift in Sources */ = {isa = PBXBuildFile; fileRef = EA5AABE82C9643AC00B30258 /* SharedTestHelpers.swift */; };
		EA5AABEA2C9643B100B30258 /* SharedTestHelpers.swift in Sources */ = {isa = PBXBuildFile; fileRef = EA5AABE82C9643AC00B30258 /* SharedTestHelpers.swift */; };
		EA5AABED2C9645DD00B30258 /* ExchangePresenterTests.swift in Sources */ = {isa = PBXBuildFile; fileRef = EA5AABEC2C9645DD00B30258 /* ExchangePresenterTests.swift */; };
		EA5AABEF2C9654AB00B30258 /* ExchangePresenter.swift in Sources */ = {isa = PBXBuildFile; fileRef = EA5AABEE2C9654AB00B30258 /* ExchangePresenter.swift */; };
		EA5AABF22C96550700B30258 /* ExchangeViewModel.swift in Sources */ = {isa = PBXBuildFile; fileRef = EA5AABF12C96550700B30258 /* ExchangeViewModel.swift */; };
		EAA640162C991FCB0013D594 /* BTCTrackeriOS.framework in Frameworks */ = {isa = PBXBuildFile; fileRef = EAA6400E2C991FCA0013D594 /* BTCTrackeriOS.framework */; };
		EAA6401B2C991FCB0013D594 /* ExchangeViewControllerTests.swift in Sources */ = {isa = PBXBuildFile; fileRef = EAA6401A2C991FCB0013D594 /* ExchangeViewControllerTests.swift */; };
		EAA6401C2C991FCB0013D594 /* BTCTrackeriOS.h in Headers */ = {isa = PBXBuildFile; fileRef = EAA640102C991FCA0013D594 /* BTCTrackeriOS.h */; settings = {ATTRIBUTES = (Public, ); }; };
		EAA640242C991FEF0013D594 /* BTCTracker.framework in Frameworks */ = {isa = PBXBuildFile; fileRef = EADC434F2C90BFE0004414F0 /* BTCTracker.framework */; };
		EAA6402E2C992B520013D594 /* SharedTestHelpers.swift in Sources */ = {isa = PBXBuildFile; fileRef = EA5AABE82C9643AC00B30258 /* SharedTestHelpers.swift */; };
		EAD6E6A12C9793CA005EE148 /* CryptoCompareAPIEndToEndTests.swift in Sources */ = {isa = PBXBuildFile; fileRef = EAD6E6A02C9793CA005EE148 /* CryptoCompareAPIEndToEndTests.swift */; };
		EAD6E6A32C97947F005EE148 /* TestHelpers.swift in Sources */ = {isa = PBXBuildFile; fileRef = EAD6E6A22C97947F005EE148 /* TestHelpers.swift */; };
		EADC43582C90BFE1004414F0 /* BTCTracker.framework in Frameworks */ = {isa = PBXBuildFile; fileRef = EADC434F2C90BFE0004414F0 /* BTCTracker.framework */; };
		EADC435E2C90BFE1004414F0 /* BTCTracker.h in Headers */ = {isa = PBXBuildFile; fileRef = EADC43522C90BFE0004414F0 /* BTCTracker.h */; settings = {ATTRIBUTES = (Public, ); }; };
		EADC43682C90C733004414F0 /* Exchange.swift in Sources */ = {isa = PBXBuildFile; fileRef = EADC43672C90C733004414F0 /* Exchange.swift */; };
		EADC436B2C90CC44004414F0 /* BinanceExchangeMapperTests.swift in Sources */ = {isa = PBXBuildFile; fileRef = EADC436A2C90CC44004414F0 /* BinanceExchangeMapperTests.swift */; };
		EAE66FC92CA4528F00CD5F56 /* ExchangeViewControllerSnapshotTests.swift in Sources */ = {isa = PBXBuildFile; fileRef = EAE66FC82CA4528F00CD5F56 /* ExchangeViewControllerSnapshotTests.swift */; };
		EAE66FCC2CA4531700CD5F56 /* EMPTY_LIGHT.png in Resources */ = {isa = PBXBuildFile; fileRef = EAE66FCA2CA4531700CD5F56 /* EMPTY_LIGHT.png */; };
		EAE66FCE2CA453C000CD5F56 /* EMPTY_DARK.png in Resources */ = {isa = PBXBuildFile; fileRef = EAE66FCD2CA453C000CD5F56 /* EMPTY_DARK.png */; };
		EAE66FD02CA4542500CD5F56 /* Exchange.storyboard in Resources */ = {isa = PBXBuildFile; fileRef = EAE66FCF2CA4542500CD5F56 /* Exchange.storyboard */; };
		EAE66FD32CA4572600CD5F56 /* POPULATED_LIGHT.png in Resources */ = {isa = PBXBuildFile; fileRef = EAE66FD12CA4572500CD5F56 /* POPULATED_LIGHT.png */; };
		EAE66FD42CA4572600CD5F56 /* POPULATED_DARK.png in Resources */ = {isa = PBXBuildFile; fileRef = EAE66FD22CA4572500CD5F56 /* POPULATED_DARK.png */; };
		EAE66FD72CA45F2400CD5F56 /* ERROR_LIGHT.png in Resources */ = {isa = PBXBuildFile; fileRef = EAE66FD52CA45F2400CD5F56 /* ERROR_LIGHT.png */; };
		EAE66FD82CA45F2400CD5F56 /* ERROR_DARK.png in Resources */ = {isa = PBXBuildFile; fileRef = EAE66FD62CA45F2400CD5F56 /* ERROR_DARK.png */; };
		EAE66FDB2CA45F7C00CD5F56 /* ERROR_AFTER_POPULATION_LIGHT.png in Resources */ = {isa = PBXBuildFile; fileRef = EAE66FD92CA45F7C00CD5F56 /* ERROR_AFTER_POPULATION_LIGHT.png */; };
		EAE66FDC2CA45F7C00CD5F56 /* ERROR_AFTER_POPULATION_DARK.png in Resources */ = {isa = PBXBuildFile; fileRef = EAE66FDA2CA45F7C00CD5F56 /* ERROR_AFTER_POPULATION_DARK.png */; };
		EAE66FE02CA4617900CD5F56 /* ExchangeUIComposer.swift in Sources */ = {isa = PBXBuildFile; fileRef = EAE66FDF2CA4617900CD5F56 /* ExchangeUIComposer.swift */; };
/* End PBXBuildFile section */

/* Begin PBXContainerItemProxy section */
		EA5876052C93A77500CD1C34 /* PBXContainerItemProxy */ = {
			isa = PBXContainerItemProxy;
			containerPortal = EADC43462C90BFE0004414F0 /* Project object */;
			proxyType = 1;
			remoteGlobalIDString = EADC434E2C90BFE0004414F0;
			remoteInfo = BTCTracker;
		};
		EAA640172C991FCB0013D594 /* PBXContainerItemProxy */ = {
			isa = PBXContainerItemProxy;
			containerPortal = EADC43462C90BFE0004414F0 /* Project object */;
			proxyType = 1;
			remoteGlobalIDString = EAA6400D2C991FCA0013D594;
			remoteInfo = BTCTrackeriOS;
		};
		EAA640262C991FEF0013D594 /* PBXContainerItemProxy */ = {
			isa = PBXContainerItemProxy;
			containerPortal = EADC43462C90BFE0004414F0 /* Project object */;
			proxyType = 1;
			remoteGlobalIDString = EADC434E2C90BFE0004414F0;
			remoteInfo = BTCTracker;
		};
		EADC43592C90BFE1004414F0 /* PBXContainerItemProxy */ = {
			isa = PBXContainerItemProxy;
			containerPortal = EADC43462C90BFE0004414F0 /* Project object */;
			proxyType = 1;
			remoteGlobalIDString = EADC434E2C90BFE0004414F0;
			remoteInfo = BTCTracker;
		};
/* End PBXContainerItemProxy section */

/* Begin PBXFileReference section */
		EA03363B2C9A301D007CDCFB /* Timer.swift */ = {isa = PBXFileReference; lastKnownFileType = sourcecode.swift; path = Timer.swift; sourceTree = "<group>"; };
		EA03363E2C9A307E007CDCFB /* TimerInfraTests.swift */ = {isa = PBXFileReference; lastKnownFileType = sourcecode.swift; path = TimerInfraTests.swift; sourceTree = "<group>"; };
		EA0336412C9A3F37007CDCFB /* FoundationTimer.swift */ = {isa = PBXFileReference; lastKnownFileType = sourcecode.swift; path = FoundationTimer.swift; sourceTree = "<group>"; };
		EA0336432C9B6CEA007CDCFB /* BTCTrackeriOS.xctestplan */ = {isa = PBXFileReference; lastKnownFileType = text; name = BTCTrackeriOS.xctestplan; path = BTCTrackeriOSTests/BTCTrackeriOS.xctestplan; sourceTree = "<group>"; };
		EA0336442C9C870F007CDCFB /* ExchangeViewController.swift */ = {isa = PBXFileReference; lastKnownFileType = sourcecode.swift; path = ExchangeViewController.swift; sourceTree = "<group>"; };
		EA5875CE2C9281E900CD1C34 /* BinanceExchangeMapper.swift */ = {isa = PBXFileReference; lastKnownFileType = sourcecode.swift; path = BinanceExchangeMapper.swift; sourceTree = "<group>"; };
		EA5875D32C92824600CD1C34 /* CryptoCompareExchangeMapperTests.swift */ = {isa = PBXFileReference; lastKnownFileType = sourcecode.swift; path = CryptoCompareExchangeMapperTests.swift; sourceTree = "<group>"; };
		EA5875D52C92829700CD1C34 /* CryptoCompareExchangeMapper.swift */ = {isa = PBXFileReference; lastKnownFileType = sourcecode.swift; path = CryptoCompareExchangeMapper.swift; sourceTree = "<group>"; };
		EA5875D72C9287B500CD1C34 /* HTTPClient.swift */ = {isa = PBXFileReference; lastKnownFileType = sourcecode.swift; path = HTTPClient.swift; sourceTree = "<group>"; };
		EA5875DD2C933ECF00CD1C34 /* Helpers.swift */ = {isa = PBXFileReference; lastKnownFileType = sourcecode.swift; path = Helpers.swift; sourceTree = "<group>"; };
		EA5875F22C93717E00CD1C34 /* URLSessionHTTPClientTests.swift */ = {isa = PBXFileReference; lastKnownFileType = sourcecode.swift; path = URLSessionHTTPClientTests.swift; sourceTree = "<group>"; };
		EA5875F52C93A0B300CD1C34 /* URLSessionHTTPClient.swift */ = {isa = PBXFileReference; lastKnownFileType = sourcecode.swift; path = URLSessionHTTPClient.swift; sourceTree = "<group>"; };
		EA5875FA2C93A26100CD1C34 /* BinanceAPIEndToEndTests.swift */ = {isa = PBXFileReference; lastKnownFileType = sourcecode.swift; path = BinanceAPIEndToEndTests.swift; sourceTree = "<group>"; };
		EA5876002C93A77500CD1C34 /* BTCTrackerAPIEndToEndTests.xctest */ = {isa = PBXFileReference; explicitFileType = wrapper.cfbundle; includeInIndex = 0; path = BTCTrackerAPIEndToEndTests.xctest; sourceTree = BUILT_PRODUCTS_DIR; };
		EA5AABE82C9643AC00B30258 /* SharedTestHelpers.swift */ = {isa = PBXFileReference; lastKnownFileType = sourcecode.swift; path = SharedTestHelpers.swift; sourceTree = "<group>"; };
		EA5AABEC2C9645DD00B30258 /* ExchangePresenterTests.swift */ = {isa = PBXFileReference; lastKnownFileType = sourcecode.swift; path = ExchangePresenterTests.swift; sourceTree = "<group>"; };
		EA5AABEE2C9654AB00B30258 /* ExchangePresenter.swift */ = {isa = PBXFileReference; lastKnownFileType = sourcecode.swift; path = ExchangePresenter.swift; sourceTree = "<group>"; };
		EA5AABF12C96550700B30258 /* ExchangeViewModel.swift */ = {isa = PBXFileReference; lastKnownFileType = sourcecode.swift; path = ExchangeViewModel.swift; sourceTree = "<group>"; };
		EAA6400E2C991FCA0013D594 /* BTCTrackeriOS.framework */ = {isa = PBXFileReference; explicitFileType = wrapper.framework; includeInIndex = 0; path = BTCTrackeriOS.framework; sourceTree = BUILT_PRODUCTS_DIR; };
		EAA640102C991FCA0013D594 /* BTCTrackeriOS.h */ = {isa = PBXFileReference; lastKnownFileType = sourcecode.c.h; path = BTCTrackeriOS.h; sourceTree = "<group>"; };
		EAA640152C991FCB0013D594 /* BTCTrackeriOSTests.xctest */ = {isa = PBXFileReference; explicitFileType = wrapper.cfbundle; includeInIndex = 0; path = BTCTrackeriOSTests.xctest; sourceTree = BUILT_PRODUCTS_DIR; };
		EAA6401A2C991FCB0013D594 /* ExchangeViewControllerTests.swift */ = {isa = PBXFileReference; lastKnownFileType = sourcecode.swift; path = ExchangeViewControllerTests.swift; sourceTree = "<group>"; };
		EAA6402B2C9926DF0013D594 /* CI_iOS.xctestplan */ = {isa = PBXFileReference; lastKnownFileType = text; path = CI_iOS.xctestplan; sourceTree = "<group>"; };
		EAD6E6A02C9793CA005EE148 /* CryptoCompareAPIEndToEndTests.swift */ = {isa = PBXFileReference; lastKnownFileType = sourcecode.swift; path = CryptoCompareAPIEndToEndTests.swift; sourceTree = "<group>"; };
		EAD6E6A22C97947F005EE148 /* TestHelpers.swift */ = {isa = PBXFileReference; lastKnownFileType = sourcecode.swift; path = TestHelpers.swift; sourceTree = "<group>"; };
		EADC434F2C90BFE0004414F0 /* BTCTracker.framework */ = {isa = PBXFileReference; explicitFileType = wrapper.framework; includeInIndex = 0; path = BTCTracker.framework; sourceTree = BUILT_PRODUCTS_DIR; };
		EADC43522C90BFE0004414F0 /* BTCTracker.h */ = {isa = PBXFileReference; lastKnownFileType = sourcecode.c.h; path = BTCTracker.h; sourceTree = "<group>"; };
		EADC43572C90BFE1004414F0 /* BTCTrackerTests.xctest */ = {isa = PBXFileReference; explicitFileType = wrapper.cfbundle; includeInIndex = 0; path = BTCTrackerTests.xctest; sourceTree = BUILT_PRODUCTS_DIR; };
		EADC43672C90C733004414F0 /* Exchange.swift */ = {isa = PBXFileReference; lastKnownFileType = sourcecode.swift; path = Exchange.swift; sourceTree = "<group>"; };
		EADC43692C90C859004414F0 /* CI_macOS.xctestplan */ = {isa = PBXFileReference; lastKnownFileType = text; path = CI_macOS.xctestplan; sourceTree = "<group>"; };
		EADC436A2C90CC44004414F0 /* BinanceExchangeMapperTests.swift */ = {isa = PBXFileReference; lastKnownFileType = sourcecode.swift; path = BinanceExchangeMapperTests.swift; sourceTree = "<group>"; };
		EAE66FC82CA4528F00CD5F56 /* ExchangeViewControllerSnapshotTests.swift */ = {isa = PBXFileReference; lastKnownFileType = sourcecode.swift; path = ExchangeViewControllerSnapshotTests.swift; sourceTree = "<group>"; };
		EAE66FCA2CA4531700CD5F56 /* EMPTY_LIGHT.png */ = {isa = PBXFileReference; lastKnownFileType = image.png; path = EMPTY_LIGHT.png; sourceTree = "<group>"; };
		EAE66FCD2CA453C000CD5F56 /* EMPTY_DARK.png */ = {isa = PBXFileReference; lastKnownFileType = image.png; path = EMPTY_DARK.png; sourceTree = "<group>"; };
		EAE66FCF2CA4542500CD5F56 /* Exchange.storyboard */ = {isa = PBXFileReference; lastKnownFileType = file.storyboard; path = Exchange.storyboard; sourceTree = "<group>"; };
		EAE66FD12CA4572500CD5F56 /* POPULATED_LIGHT.png */ = {isa = PBXFileReference; lastKnownFileType = image.png; path = POPULATED_LIGHT.png; sourceTree = "<group>"; };
		EAE66FD22CA4572500CD5F56 /* POPULATED_DARK.png */ = {isa = PBXFileReference; lastKnownFileType = image.png; path = POPULATED_DARK.png; sourceTree = "<group>"; };
		EAE66FD52CA45F2400CD5F56 /* ERROR_LIGHT.png */ = {isa = PBXFileReference; lastKnownFileType = image.png; path = ERROR_LIGHT.png; sourceTree = "<group>"; };
		EAE66FD62CA45F2400CD5F56 /* ERROR_DARK.png */ = {isa = PBXFileReference; lastKnownFileType = image.png; path = ERROR_DARK.png; sourceTree = "<group>"; };
		EAE66FD92CA45F7C00CD5F56 /* ERROR_AFTER_POPULATION_LIGHT.png */ = {isa = PBXFileReference; lastKnownFileType = image.png; path = ERROR_AFTER_POPULATION_LIGHT.png; sourceTree = "<group>"; };
		EAE66FDA2CA45F7C00CD5F56 /* ERROR_AFTER_POPULATION_DARK.png */ = {isa = PBXFileReference; lastKnownFileType = image.png; path = ERROR_AFTER_POPULATION_DARK.png; sourceTree = "<group>"; };
		EAE66FDF2CA4617900CD5F56 /* ExchangeUIComposer.swift */ = {isa = PBXFileReference; lastKnownFileType = sourcecode.swift; path = ExchangeUIComposer.swift; sourceTree = "<group>"; };
/* End PBXFileReference section */

/* Begin PBXFrameworksBuildPhase section */
		EA5875FD2C93A77500CD1C34 /* Frameworks */ = {
			isa = PBXFrameworksBuildPhase;
			buildActionMask = 2147483647;
			files = (
				EA5876042C93A77500CD1C34 /* BTCTracker.framework in Frameworks */,
			);
			runOnlyForDeploymentPostprocessing = 0;
		};
		EAA6400B2C991FCA0013D594 /* Frameworks */ = {
			isa = PBXFrameworksBuildPhase;
			buildActionMask = 2147483647;
			files = (
				EAA640242C991FEF0013D594 /* BTCTracker.framework in Frameworks */,
			);
			runOnlyForDeploymentPostprocessing = 0;
		};
		EAA640122C991FCB0013D594 /* Frameworks */ = {
			isa = PBXFrameworksBuildPhase;
			buildActionMask = 2147483647;
			files = (
				EAA640162C991FCB0013D594 /* BTCTrackeriOS.framework in Frameworks */,
			);
			runOnlyForDeploymentPostprocessing = 0;
		};
		EADC434C2C90BFE0004414F0 /* Frameworks */ = {
			isa = PBXFrameworksBuildPhase;
			buildActionMask = 2147483647;
			files = (
			);
			runOnlyForDeploymentPostprocessing = 0;
		};
		EADC43542C90BFE1004414F0 /* Frameworks */ = {
			isa = PBXFrameworksBuildPhase;
			buildActionMask = 2147483647;
			files = (
				EADC43582C90BFE1004414F0 /* BTCTracker.framework in Frameworks */,
			);
			runOnlyForDeploymentPostprocessing = 0;
		};
/* End PBXFrameworksBuildPhase section */

/* Begin PBXGroup section */
		EA03363A2C9A300A007CDCFB /* Timer Feature */ = {
			isa = PBXGroup;
			children = (
				EA03363B2C9A301D007CDCFB /* Timer.swift */,
			);
			path = "Timer Feature";
			sourceTree = "<group>";
		};
		EA03363D2C9A3065007CDCFB /* Timer Infra */ = {
			isa = PBXGroup;
			children = (
				EA03363E2C9A307E007CDCFB /* TimerInfraTests.swift */,
			);
			path = "Timer Infra";
			sourceTree = "<group>";
		};
		EA0336402C9A3F22007CDCFB /* Timer Infra */ = {
			isa = PBXGroup;
			children = (
				EA0336412C9A3F37007CDCFB /* FoundationTimer.swift */,
			);
			path = "Timer Infra";
			sourceTree = "<group>";
		};
		EA5875D02C92822300CD1C34 /* Exchange API */ = {
			isa = PBXGroup;
			children = (
				EA5875DD2C933ECF00CD1C34 /* Helpers.swift */,
				EA5875F72C93A19200CD1C34 /* Infra */,
				EA5875F82C93A19900CD1C34 /* Mapping */,
			);
			path = "Exchange API";
			sourceTree = "<group>";
		};
		EA5875D12C92822900CD1C34 /* Exchange Feature */ = {
			isa = PBXGroup;
			children = (
				EADC43672C90C733004414F0 /* Exchange.swift */,
			);
			path = "Exchange Feature";
			sourceTree = "<group>";
		};
		EA5875D22C92823000CD1C34 /* Exchange API */ = {
			isa = PBXGroup;
			children = (
				EA5875D72C9287B500CD1C34 /* HTTPClient.swift */,
				EA5875F42C93A0A100CD1C34 /* Infra */,
				EA5875F92C93A1EF00CD1C34 /* Mapping */,
			);
			path = "Exchange API";
			sourceTree = "<group>";
		};
		EA5875F42C93A0A100CD1C34 /* Infra */ = {
			isa = PBXGroup;
			children = (
				EA5875F52C93A0B300CD1C34 /* URLSessionHTTPClient.swift */,
			);
			path = Infra;
			sourceTree = "<group>";
		};
		EA5875F72C93A19200CD1C34 /* Infra */ = {
			isa = PBXGroup;
			children = (
				EA5875F22C93717E00CD1C34 /* URLSessionHTTPClientTests.swift */,
			);
			path = Infra;
			sourceTree = "<group>";
		};
		EA5875F82C93A19900CD1C34 /* Mapping */ = {
			isa = PBXGroup;
			children = (
				EA5875D32C92824600CD1C34 /* CryptoCompareExchangeMapperTests.swift */,
				EADC436A2C90CC44004414F0 /* BinanceExchangeMapperTests.swift */,
			);
			path = Mapping;
			sourceTree = "<group>";
		};
		EA5875F92C93A1EF00CD1C34 /* Mapping */ = {
			isa = PBXGroup;
			children = (
				EA5875D52C92829700CD1C34 /* CryptoCompareExchangeMapper.swift */,
				EA5875CE2C9281E900CD1C34 /* BinanceExchangeMapper.swift */,
			);
			path = Mapping;
			sourceTree = "<group>";
		};
		EA5876012C93A77500CD1C34 /* BTCTrackerAPIEndToEndTests */ = {
			isa = PBXGroup;
			children = (
				EAD6E6A22C97947F005EE148 /* TestHelpers.swift */,
				EAD6E6A02C9793CA005EE148 /* CryptoCompareAPIEndToEndTests.swift */,
				EA5875FA2C93A26100CD1C34 /* BinanceAPIEndToEndTests.swift */,
			);
			path = BTCTrackerAPIEndToEndTests;
			sourceTree = "<group>";
		};
		EA5AABEB2C9645C200B30258 /* Exchange Presentation */ = {
			isa = PBXGroup;
			children = (
				EA5AABEC2C9645DD00B30258 /* ExchangePresenterTests.swift */,
			);
			path = "Exchange Presentation";
			sourceTree = "<group>";
		};
		EA5AABF02C9654F700B30258 /* Exchange Presentation */ = {
			isa = PBXGroup;
			children = (
				EA5AABEE2C9654AB00B30258 /* ExchangePresenter.swift */,
				EA5AABF12C96550700B30258 /* ExchangeViewModel.swift */,
			);
			path = "Exchange Presentation";
			sourceTree = "<group>";
		};
		EAA6400F2C991FCA0013D594 /* BTCTrackeriOS */ = {
			isa = PBXGroup;
			children = (
				EAA640102C991FCA0013D594 /* BTCTrackeriOS.h */,
				EAE66FDD2CA4604500CD5F56 /* Exchange UI */,
			);
			path = BTCTrackeriOS;
			sourceTree = "<group>";
		};
		EAA640192C991FCB0013D594 /* BTCTrackeriOSTests */ = {
			isa = PBXGroup;
			children = (
				EAE66FDE2CA4605300CD5F56 /* Exchange UI */,
			);
			path = BTCTrackeriOSTests;
			sourceTree = "<group>";
		};
		EAA640232C991FEF0013D594 /* Frameworks */ = {
			isa = PBXGroup;
			children = (
			);
			name = Frameworks;
			sourceTree = "<group>";
		};
		EADC43452C90BFE0004414F0 = {
			isa = PBXGroup;
			children = (
				EA0336432C9B6CEA007CDCFB /* BTCTrackeriOS.xctestplan */,
				EADC43692C90C859004414F0 /* CI_macOS.xctestplan */,
				EAA6402B2C9926DF0013D594 /* CI_iOS.xctestplan */,
				EADC43512C90BFE0004414F0 /* BTCTracker */,
				EADC435B2C90BFE1004414F0 /* BTCTrackerTests */,
				EA5876012C93A77500CD1C34 /* BTCTrackerAPIEndToEndTests */,
				EAA6400F2C991FCA0013D594 /* BTCTrackeriOS */,
				EAA640192C991FCB0013D594 /* BTCTrackeriOSTests */,
				EADC43502C90BFE0004414F0 /* Products */,
				EAA640232C991FEF0013D594 /* Frameworks */,
			);
			sourceTree = "<group>";
		};
		EADC43502C90BFE0004414F0 /* Products */ = {
			isa = PBXGroup;
			children = (
				EADC434F2C90BFE0004414F0 /* BTCTracker.framework */,
				EADC43572C90BFE1004414F0 /* BTCTrackerTests.xctest */,
				EA5876002C93A77500CD1C34 /* BTCTrackerAPIEndToEndTests.xctest */,
				EAA6400E2C991FCA0013D594 /* BTCTrackeriOS.framework */,
				EAA640152C991FCB0013D594 /* BTCTrackeriOSTests.xctest */,
			);
			name = Products;
			sourceTree = "<group>";
		};
		EADC43512C90BFE0004414F0 /* BTCTracker */ = {
			isa = PBXGroup;
			children = (
				EADC43522C90BFE0004414F0 /* BTCTracker.h */,
				EA5875D12C92822900CD1C34 /* Exchange Feature */,
				EA5875D22C92823000CD1C34 /* Exchange API */,
				EA5AABF02C9654F700B30258 /* Exchange Presentation */,
				EA03363A2C9A300A007CDCFB /* Timer Feature */,
				EA0336402C9A3F22007CDCFB /* Timer Infra */,
			);
			path = BTCTracker;
			sourceTree = "<group>";
		};
		EADC435B2C90BFE1004414F0 /* BTCTrackerTests */ = {
			isa = PBXGroup;
			children = (
				EA5AABE82C9643AC00B30258 /* SharedTestHelpers.swift */,
				EA5875D02C92822300CD1C34 /* Exchange API */,
				EA5AABEB2C9645C200B30258 /* Exchange Presentation */,
				EA03363D2C9A3065007CDCFB /* Timer Infra */,
			);
			path = BTCTrackerTests;
			sourceTree = "<group>";
		};
		EAE66FCB2CA4531700CD5F56 /* snapshots */ = {
			isa = PBXGroup;
			children = (
				EAE66FDA2CA45F7C00CD5F56 /* ERROR_AFTER_POPULATION_DARK.png */,
				EAE66FD92CA45F7C00CD5F56 /* ERROR_AFTER_POPULATION_LIGHT.png */,
				EAE66FD62CA45F2400CD5F56 /* ERROR_DARK.png */,
				EAE66FD52CA45F2400CD5F56 /* ERROR_LIGHT.png */,
				EAE66FD22CA4572500CD5F56 /* POPULATED_DARK.png */,
				EAE66FD12CA4572500CD5F56 /* POPULATED_LIGHT.png */,
				EAE66FCD2CA453C000CD5F56 /* EMPTY_DARK.png */,
				EAE66FCA2CA4531700CD5F56 /* EMPTY_LIGHT.png */,
			);
			path = snapshots;
			sourceTree = "<group>";
		};
		EAE66FDD2CA4604500CD5F56 /* Exchange UI */ = {
			isa = PBXGroup;
			children = (
				EAE66FE12CA4618500CD5F56 /* Composer */,
				EAE66FE22CA4618B00CD5F56 /* Controller */,
				EAE66FE32CA4619500CD5F56 /* View */,
			);
			path = "Exchange UI";
			sourceTree = "<group>";
		};
		EAE66FDE2CA4605300CD5F56 /* Exchange UI */ = {
			isa = PBXGroup;
			children = (
				EAA6401A2C991FCB0013D594 /* ExchangeViewControllerTests.swift */,
				EAE66FC82CA4528F00CD5F56 /* ExchangeViewControllerSnapshotTests.swift */,
				EAE66FCB2CA4531700CD5F56 /* snapshots */,
			);
			path = "Exchange UI";
			sourceTree = "<group>";
		};
		EAE66FE12CA4618500CD5F56 /* Composer */ = {
			isa = PBXGroup;
			children = (
				EAE66FDF2CA4617900CD5F56 /* ExchangeUIComposer.swift */,
			);
			path = Composer;
			sourceTree = "<group>";
		};
		EAE66FE22CA4618B00CD5F56 /* Controller */ = {
			isa = PBXGroup;
			children = (
				EA0336442C9C870F007CDCFB /* ExchangeViewController.swift */,
			);
			path = Controller;
			sourceTree = "<group>";
		};
		EAE66FE32CA4619500CD5F56 /* View */ = {
			isa = PBXGroup;
			children = (
				EAE66FCF2CA4542500CD5F56 /* Exchange.storyboard */,
			);
			path = View;
			sourceTree = "<group>";
		};
/* End PBXGroup section */

/* Begin PBXHeadersBuildPhase section */
		EAA640092C991FCA0013D594 /* Headers */ = {
			isa = PBXHeadersBuildPhase;
			buildActionMask = 2147483647;
			files = (
				EAA6401C2C991FCB0013D594 /* BTCTrackeriOS.h in Headers */,
			);
			runOnlyForDeploymentPostprocessing = 0;
		};
		EADC434A2C90BFE0004414F0 /* Headers */ = {
			isa = PBXHeadersBuildPhase;
			buildActionMask = 2147483647;
			files = (
				EADC435E2C90BFE1004414F0 /* BTCTracker.h in Headers */,
			);
			runOnlyForDeploymentPostprocessing = 0;
		};
/* End PBXHeadersBuildPhase section */

/* Begin PBXNativeTarget section */
		EA5875FF2C93A77500CD1C34 /* BTCTrackerAPIEndToEndTests */ = {
			isa = PBXNativeTarget;
			buildConfigurationList = EA5876072C93A77500CD1C34 /* Build configuration list for PBXNativeTarget "BTCTrackerAPIEndToEndTests" */;
			buildPhases = (
				EA5875FC2C93A77500CD1C34 /* Sources */,
				EA5875FD2C93A77500CD1C34 /* Frameworks */,
				EA5875FE2C93A77500CD1C34 /* Resources */,
			);
			buildRules = (
			);
			dependencies = (
				EA5876062C93A77500CD1C34 /* PBXTargetDependency */,
			);
			name = BTCTrackerAPIEndToEndTests;
			productName = BTCTrackerAPIEndToEndTests;
			productReference = EA5876002C93A77500CD1C34 /* BTCTrackerAPIEndToEndTests.xctest */;
			productType = "com.apple.product-type.bundle.unit-test";
		};
		EAA6400D2C991FCA0013D594 /* BTCTrackeriOS */ = {
			isa = PBXNativeTarget;
			buildConfigurationList = EAA640212C991FCB0013D594 /* Build configuration list for PBXNativeTarget "BTCTrackeriOS" */;
			buildPhases = (
				EAA640092C991FCA0013D594 /* Headers */,
				EAA6400A2C991FCA0013D594 /* Sources */,
				EAA6400B2C991FCA0013D594 /* Frameworks */,
				EAA6400C2C991FCA0013D594 /* Resources */,
			);
			buildRules = (
			);
			dependencies = (
				EAA640272C991FEF0013D594 /* PBXTargetDependency */,
			);
			name = BTCTrackeriOS;
			productName = BTCTrackeriOS;
			productReference = EAA6400E2C991FCA0013D594 /* BTCTrackeriOS.framework */;
			productType = "com.apple.product-type.framework";
		};
		EAA640142C991FCB0013D594 /* BTCTrackeriOSTests */ = {
			isa = PBXNativeTarget;
			buildConfigurationList = EAA640222C991FCB0013D594 /* Build configuration list for PBXNativeTarget "BTCTrackeriOSTests" */;
			buildPhases = (
				EAA640112C991FCB0013D594 /* Sources */,
				EAA640122C991FCB0013D594 /* Frameworks */,
				EAA640132C991FCB0013D594 /* Resources */,
			);
			buildRules = (
			);
			dependencies = (
				EAA640182C991FCB0013D594 /* PBXTargetDependency */,
			);
			name = BTCTrackeriOSTests;
			productName = BTCTrackeriOSTests;
			productReference = EAA640152C991FCB0013D594 /* BTCTrackeriOSTests.xctest */;
			productType = "com.apple.product-type.bundle.unit-test";
		};
		EADC434E2C90BFE0004414F0 /* BTCTracker */ = {
			isa = PBXNativeTarget;
			buildConfigurationList = EADC43612C90BFE1004414F0 /* Build configuration list for PBXNativeTarget "BTCTracker" */;
			buildPhases = (
				EADC434A2C90BFE0004414F0 /* Headers */,
				EADC434B2C90BFE0004414F0 /* Sources */,
				EADC434C2C90BFE0004414F0 /* Frameworks */,
				EADC434D2C90BFE0004414F0 /* Resources */,
			);
			buildRules = (
			);
			dependencies = (
			);
			name = BTCTracker;
			productName = BTCTracker;
			productReference = EADC434F2C90BFE0004414F0 /* BTCTracker.framework */;
			productType = "com.apple.product-type.framework";
		};
		EADC43562C90BFE1004414F0 /* BTCTrackerTests */ = {
			isa = PBXNativeTarget;
			buildConfigurationList = EADC43642C90BFE1004414F0 /* Build configuration list for PBXNativeTarget "BTCTrackerTests" */;
			buildPhases = (
				EADC43532C90BFE1004414F0 /* Sources */,
				EADC43542C90BFE1004414F0 /* Frameworks */,
				EADC43552C90BFE1004414F0 /* Resources */,
			);
			buildRules = (
			);
			dependencies = (
				EADC435A2C90BFE1004414F0 /* PBXTargetDependency */,
			);
			name = BTCTrackerTests;
			productName = BTCTrackerTests;
			productReference = EADC43572C90BFE1004414F0 /* BTCTrackerTests.xctest */;
			productType = "com.apple.product-type.bundle.unit-test";
		};
/* End PBXNativeTarget section */

/* Begin PBXProject section */
		EADC43462C90BFE0004414F0 /* Project object */ = {
			isa = PBXProject;
			attributes = {
				BuildIndependentTargetsInParallel = 1;
				LastSwiftUpdateCheck = 1540;
				LastUpgradeCheck = 1540;
				TargetAttributes = {
					EA5875FF2C93A77500CD1C34 = {
						CreatedOnToolsVersion = 15.4;
					};
					EAA6400D2C991FCA0013D594 = {
						CreatedOnToolsVersion = 15.4;
						LastSwiftMigration = 1540;
					};
					EAA640142C991FCB0013D594 = {
						CreatedOnToolsVersion = 15.4;
					};
					EADC434E2C90BFE0004414F0 = {
						CreatedOnToolsVersion = 15.4;
						LastSwiftMigration = 1540;
					};
					EADC43562C90BFE1004414F0 = {
						CreatedOnToolsVersion = 15.4;
						LastSwiftMigration = 1540;
					};
				};
			};
			buildConfigurationList = EADC43492C90BFE0004414F0 /* Build configuration list for PBXProject "BTCTracker" */;
			compatibilityVersion = "Xcode 14.0";
			developmentRegion = en;
			hasScannedForEncodings = 0;
			knownRegions = (
				en,
				Base,
			);
			mainGroup = EADC43452C90BFE0004414F0;
			productRefGroup = EADC43502C90BFE0004414F0 /* Products */;
			projectDirPath = "";
			projectRoot = "";
			targets = (
				EADC434E2C90BFE0004414F0 /* BTCTracker */,
				EADC43562C90BFE1004414F0 /* BTCTrackerTests */,
				EA5875FF2C93A77500CD1C34 /* BTCTrackerAPIEndToEndTests */,
				EAA6400D2C991FCA0013D594 /* BTCTrackeriOS */,
				EAA640142C991FCB0013D594 /* BTCTrackeriOSTests */,
			);
		};
/* End PBXProject section */

/* Begin PBXResourcesBuildPhase section */
		EA5875FE2C93A77500CD1C34 /* Resources */ = {
			isa = PBXResourcesBuildPhase;
			buildActionMask = 2147483647;
			files = (
			);
			runOnlyForDeploymentPostprocessing = 0;
		};
		EAA6400C2C991FCA0013D594 /* Resources */ = {
			isa = PBXResourcesBuildPhase;
			buildActionMask = 2147483647;
			files = (
				EAE66FD02CA4542500CD5F56 /* Exchange.storyboard in Resources */,
			);
			runOnlyForDeploymentPostprocessing = 0;
		};
		EAA640132C991FCB0013D594 /* Resources */ = {
			isa = PBXResourcesBuildPhase;
			buildActionMask = 2147483647;
			files = (
				EAE66FDC2CA45F7C00CD5F56 /* ERROR_AFTER_POPULATION_DARK.png in Resources */,
				EAE66FD42CA4572600CD5F56 /* POPULATED_DARK.png in Resources */,
				EAE66FCC2CA4531700CD5F56 /* EMPTY_LIGHT.png in Resources */,
				EAE66FDB2CA45F7C00CD5F56 /* ERROR_AFTER_POPULATION_LIGHT.png in Resources */,
				EAE66FD32CA4572600CD5F56 /* POPULATED_LIGHT.png in Resources */,
				EAE66FCE2CA453C000CD5F56 /* EMPTY_DARK.png in Resources */,
				EAE66FD82CA45F2400CD5F56 /* ERROR_DARK.png in Resources */,
				EAE66FD72CA45F2400CD5F56 /* ERROR_LIGHT.png in Resources */,
			);
			runOnlyForDeploymentPostprocessing = 0;
		};
		EADC434D2C90BFE0004414F0 /* Resources */ = {
			isa = PBXResourcesBuildPhase;
			buildActionMask = 2147483647;
			files = (
			);
			runOnlyForDeploymentPostprocessing = 0;
		};
		EADC43552C90BFE1004414F0 /* Resources */ = {
			isa = PBXResourcesBuildPhase;
			buildActionMask = 2147483647;
			files = (
			);
			runOnlyForDeploymentPostprocessing = 0;
		};
/* End PBXResourcesBuildPhase section */

/* Begin PBXSourcesBuildPhase section */
		EA5875FC2C93A77500CD1C34 /* Sources */ = {
			isa = PBXSourcesBuildPhase;
			buildActionMask = 2147483647;
			files = (
				EAD6E6A12C9793CA005EE148 /* CryptoCompareAPIEndToEndTests.swift in Sources */,
				EA5AABEA2C9643B100B30258 /* SharedTestHelpers.swift in Sources */,
				EA58760A2C93A77E00CD1C34 /* BinanceAPIEndToEndTests.swift in Sources */,
				EAD6E6A32C97947F005EE148 /* TestHelpers.swift in Sources */,
			);
			runOnlyForDeploymentPostprocessing = 0;
		};
		EAA6400A2C991FCA0013D594 /* Sources */ = {
			isa = PBXSourcesBuildPhase;
			buildActionMask = 2147483647;
			files = (
				EAE66FE02CA4617900CD5F56 /* ExchangeUIComposer.swift in Sources */,
				EA0336452C9C870F007CDCFB /* ExchangeViewController.swift in Sources */,
			);
			runOnlyForDeploymentPostprocessing = 0;
		};
		EAA640112C991FCB0013D594 /* Sources */ = {
			isa = PBXSourcesBuildPhase;
			buildActionMask = 2147483647;
			files = (
				EAA6402E2C992B520013D594 /* SharedTestHelpers.swift in Sources */,
				EAE66FC92CA4528F00CD5F56 /* ExchangeViewControllerSnapshotTests.swift in Sources */,
				EAA6401B2C991FCB0013D594 /* ExchangeViewControllerTests.swift in Sources */,
			);
			runOnlyForDeploymentPostprocessing = 0;
		};
		EADC434B2C90BFE0004414F0 /* Sources */ = {
			isa = PBXSourcesBuildPhase;
			buildActionMask = 2147483647;
			files = (
				EA5875D62C92829700CD1C34 /* CryptoCompareExchangeMapper.swift in Sources */,
				EA5AABF22C96550700B30258 /* ExchangeViewModel.swift in Sources */,
				EA5AABEF2C9654AB00B30258 /* ExchangePresenter.swift in Sources */,
				EA5875F62C93A0B300CD1C34 /* URLSessionHTTPClient.swift in Sources */,
				EA5875CF2C9281E900CD1C34 /* BinanceExchangeMapper.swift in Sources */,
				EA5875D82C9287B500CD1C34 /* HTTPClient.swift in Sources */,
				EADC43682C90C733004414F0 /* Exchange.swift in Sources */,
				EA0336422C9A3F37007CDCFB /* FoundationTimer.swift in Sources */,
				EA03363C2C9A301D007CDCFB /* Timer.swift in Sources */,
			);
			runOnlyForDeploymentPostprocessing = 0;
		};
		EADC43532C90BFE1004414F0 /* Sources */ = {
			isa = PBXSourcesBuildPhase;
			buildActionMask = 2147483647;
			files = (
				EA5875D42C92824600CD1C34 /* CryptoCompareExchangeMapperTests.swift in Sources */,
				EA5875DE2C933ECF00CD1C34 /* Helpers.swift in Sources */,
				EA5AABE92C9643AC00B30258 /* SharedTestHelpers.swift in Sources */,
				EADC436B2C90CC44004414F0 /* BinanceExchangeMapperTests.swift in Sources */,
				EA5AABED2C9645DD00B30258 /* ExchangePresenterTests.swift in Sources */,
				EA5875F32C93717E00CD1C34 /* URLSessionHTTPClientTests.swift in Sources */,
				EA03363F2C9A307E007CDCFB /* TimerInfraTests.swift in Sources */,
			);
			runOnlyForDeploymentPostprocessing = 0;
		};
/* End PBXSourcesBuildPhase section */

/* Begin PBXTargetDependency section */
		EA5876062C93A77500CD1C34 /* PBXTargetDependency */ = {
			isa = PBXTargetDependency;
			target = EADC434E2C90BFE0004414F0 /* BTCTracker */;
			targetProxy = EA5876052C93A77500CD1C34 /* PBXContainerItemProxy */;
		};
		EAA640182C991FCB0013D594 /* PBXTargetDependency */ = {
			isa = PBXTargetDependency;
			target = EAA6400D2C991FCA0013D594 /* BTCTrackeriOS */;
			targetProxy = EAA640172C991FCB0013D594 /* PBXContainerItemProxy */;
		};
		EAA640272C991FEF0013D594 /* PBXTargetDependency */ = {
			isa = PBXTargetDependency;
			target = EADC434E2C90BFE0004414F0 /* BTCTracker */;
			targetProxy = EAA640262C991FEF0013D594 /* PBXContainerItemProxy */;
		};
		EADC435A2C90BFE1004414F0 /* PBXTargetDependency */ = {
			isa = PBXTargetDependency;
			target = EADC434E2C90BFE0004414F0 /* BTCTracker */;
			targetProxy = EADC43592C90BFE1004414F0 /* PBXContainerItemProxy */;
		};
/* End PBXTargetDependency section */

/* Begin XCBuildConfiguration section */
		EA5876082C93A77500CD1C34 /* Debug */ = {
			isa = XCBuildConfiguration;
			buildSettings = {
				CODE_SIGN_STYLE = Automatic;
				CURRENT_PROJECT_VERSION = 1;
				GENERATE_INFOPLIST_FILE = YES;
				MARKETING_VERSION = 1.0;
				PRODUCT_BUNDLE_IDENTIFIER = com.distiil.BTCTrackerAPIEndToEndTests;
				PRODUCT_NAME = "$(TARGET_NAME)";
				SUPPORTED_PLATFORMS = "iphoneos iphonesimulator macosx";
				SUPPORTS_MACCATALYST = NO;
				SWIFT_EMIT_LOC_STRINGS = NO;
				SWIFT_VERSION = 5.0;
				TARGETED_DEVICE_FAMILY = "1,2";
			};
			name = Debug;
		};
		EA5876092C93A77500CD1C34 /* Release */ = {
			isa = XCBuildConfiguration;
			buildSettings = {
				CODE_SIGN_STYLE = Automatic;
				CURRENT_PROJECT_VERSION = 1;
				GENERATE_INFOPLIST_FILE = YES;
				MARKETING_VERSION = 1.0;
				PRODUCT_BUNDLE_IDENTIFIER = com.distiil.BTCTrackerAPIEndToEndTests;
				PRODUCT_NAME = "$(TARGET_NAME)";
				SUPPORTED_PLATFORMS = "iphoneos iphonesimulator macosx";
				SUPPORTS_MACCATALYST = NO;
				SWIFT_EMIT_LOC_STRINGS = NO;
				SWIFT_VERSION = 5.0;
				TARGETED_DEVICE_FAMILY = "1,2";
			};
			name = Release;
		};
		EAA6401D2C991FCB0013D594 /* Debug */ = {
			isa = XCBuildConfiguration;
			buildSettings = {
				BUILD_LIBRARY_FOR_DISTRIBUTION = YES;
				CLANG_ENABLE_MODULES = YES;
				CODE_SIGN_STYLE = Automatic;
				CURRENT_PROJECT_VERSION = 1;
				DEFINES_MODULE = YES;
				DYLIB_COMPATIBILITY_VERSION = 1;
				DYLIB_CURRENT_VERSION = 1;
				DYLIB_INSTALL_NAME_BASE = "@rpath";
				ENABLE_MODULE_VERIFIER = YES;
				GENERATE_INFOPLIST_FILE = YES;
				INFOPLIST_KEY_NSHumanReadableCopyright = "";
				INSTALL_PATH = "$(LOCAL_LIBRARY_DIR)/Frameworks";
				IPHONEOS_DEPLOYMENT_TARGET = 17.5;
				LD_RUNPATH_SEARCH_PATHS = (
					"$(inherited)",
					"@executable_path/Frameworks",
					"@loader_path/Frameworks",
				);
				MARKETING_VERSION = 1.0;
				MODULE_VERIFIER_SUPPORTED_LANGUAGES = "objective-c objective-c++";
				MODULE_VERIFIER_SUPPORTED_LANGUAGE_STANDARDS = "gnu17 gnu++20";
				PRODUCT_BUNDLE_IDENTIFIER = com.distiil.BTCTrackeriOS;
				PRODUCT_NAME = "$(TARGET_NAME:c99extidentifier)";
				SDKROOT = iphoneos;
				SKIP_INSTALL = YES;
				SUPPORTED_PLATFORMS = "iphoneos iphonesimulator";
				SUPPORTS_MACCATALYST = NO;
				SUPPORTS_MAC_DESIGNED_FOR_IPHONE_IPAD = NO;
				SUPPORTS_XR_DESIGNED_FOR_IPHONE_IPAD = NO;
				SWIFT_EMIT_LOC_STRINGS = YES;
				SWIFT_INSTALL_OBJC_HEADER = NO;
				SWIFT_OPTIMIZATION_LEVEL = "-Onone";
				SWIFT_VERSION = 5.0;
				TARGETED_DEVICE_FAMILY = "1,2";
			};
			name = Debug;
		};
		EAA6401E2C991FCB0013D594 /* Release */ = {
			isa = XCBuildConfiguration;
			buildSettings = {
				BUILD_LIBRARY_FOR_DISTRIBUTION = YES;
				CLANG_ENABLE_MODULES = YES;
				CODE_SIGN_STYLE = Automatic;
				CURRENT_PROJECT_VERSION = 1;
				DEFINES_MODULE = YES;
				DYLIB_COMPATIBILITY_VERSION = 1;
				DYLIB_CURRENT_VERSION = 1;
				DYLIB_INSTALL_NAME_BASE = "@rpath";
				ENABLE_MODULE_VERIFIER = YES;
				GENERATE_INFOPLIST_FILE = YES;
				INFOPLIST_KEY_NSHumanReadableCopyright = "";
				INSTALL_PATH = "$(LOCAL_LIBRARY_DIR)/Frameworks";
				IPHONEOS_DEPLOYMENT_TARGET = 17.5;
				LD_RUNPATH_SEARCH_PATHS = (
					"$(inherited)",
					"@executable_path/Frameworks",
					"@loader_path/Frameworks",
				);
				MARKETING_VERSION = 1.0;
				MODULE_VERIFIER_SUPPORTED_LANGUAGES = "objective-c objective-c++";
				MODULE_VERIFIER_SUPPORTED_LANGUAGE_STANDARDS = "gnu17 gnu++20";
				PRODUCT_BUNDLE_IDENTIFIER = com.distiil.BTCTrackeriOS;
				PRODUCT_NAME = "$(TARGET_NAME:c99extidentifier)";
				SDKROOT = iphoneos;
				SKIP_INSTALL = YES;
				SUPPORTED_PLATFORMS = "iphoneos iphonesimulator";
				SUPPORTS_MACCATALYST = NO;
				SUPPORTS_MAC_DESIGNED_FOR_IPHONE_IPAD = NO;
				SUPPORTS_XR_DESIGNED_FOR_IPHONE_IPAD = NO;
				SWIFT_EMIT_LOC_STRINGS = YES;
				SWIFT_INSTALL_OBJC_HEADER = NO;
				SWIFT_VERSION = 5.0;
				TARGETED_DEVICE_FAMILY = "1,2";
				VALIDATE_PRODUCT = YES;
			};
			name = Release;
		};
		EAA6401F2C991FCB0013D594 /* Debug */ = {
			isa = XCBuildConfiguration;
			buildSettings = {
				ALWAYS_EMBED_SWIFT_STANDARD_LIBRARIES = YES;
				CODE_SIGN_STYLE = Automatic;
				CURRENT_PROJECT_VERSION = 1;
				GENERATE_INFOPLIST_FILE = YES;
				IPHONEOS_DEPLOYMENT_TARGET = 17.5;
				MARKETING_VERSION = 1.0;
				PRODUCT_BUNDLE_IDENTIFIER = com.distiil.BTCTrackeriOSTests;
				PRODUCT_NAME = "$(TARGET_NAME)";
				SDKROOT = iphoneos;
				SUPPORTED_PLATFORMS = "iphoneos iphonesimulator";
				SUPPORTS_MACCATALYST = NO;
				SUPPORTS_MAC_DESIGNED_FOR_IPHONE_IPAD = NO;
				SUPPORTS_XR_DESIGNED_FOR_IPHONE_IPAD = NO;
				SWIFT_EMIT_LOC_STRINGS = NO;
				SWIFT_VERSION = 5.0;
				TARGETED_DEVICE_FAMILY = "1,2";
			};
			name = Debug;
		};
		EAA640202C991FCB0013D594 /* Release */ = {
			isa = XCBuildConfiguration;
			buildSettings = {
				ALWAYS_EMBED_SWIFT_STANDARD_LIBRARIES = YES;
				CODE_SIGN_STYLE = Automatic;
				CURRENT_PROJECT_VERSION = 1;
				GENERATE_INFOPLIST_FILE = YES;
				IPHONEOS_DEPLOYMENT_TARGET = 17.5;
				MARKETING_VERSION = 1.0;
				PRODUCT_BUNDLE_IDENTIFIER = com.distiil.BTCTrackeriOSTests;
				PRODUCT_NAME = "$(TARGET_NAME)";
				SDKROOT = iphoneos;
				SUPPORTED_PLATFORMS = "iphoneos iphonesimulator";
				SUPPORTS_MACCATALYST = NO;
				SUPPORTS_MAC_DESIGNED_FOR_IPHONE_IPAD = NO;
				SUPPORTS_XR_DESIGNED_FOR_IPHONE_IPAD = NO;
				SWIFT_EMIT_LOC_STRINGS = NO;
				SWIFT_VERSION = 5.0;
				TARGETED_DEVICE_FAMILY = "1,2";
				VALIDATE_PRODUCT = YES;
			};
			name = Release;
		};
		EADC435F2C90BFE1004414F0 /* Debug */ = {
			isa = XCBuildConfiguration;
			buildSettings = {
				ALWAYS_SEARCH_USER_PATHS = NO;
				ASSETCATALOG_COMPILER_GENERATE_SWIFT_ASSET_SYMBOL_EXTENSIONS = YES;
				CLANG_ANALYZER_NONNULL = YES;
				CLANG_ANALYZER_NUMBER_OBJECT_CONVERSION = YES_AGGRESSIVE;
				CLANG_CXX_LANGUAGE_STANDARD = "gnu++20";
				CLANG_ENABLE_MODULES = YES;
				CLANG_ENABLE_OBJC_ARC = YES;
				CLANG_ENABLE_OBJC_WEAK = YES;
				CLANG_WARN_BLOCK_CAPTURE_AUTORELEASING = YES;
				CLANG_WARN_BOOL_CONVERSION = YES;
				CLANG_WARN_COMMA = YES;
				CLANG_WARN_CONSTANT_CONVERSION = YES;
				CLANG_WARN_DEPRECATED_OBJC_IMPLEMENTATIONS = YES;
				CLANG_WARN_DIRECT_OBJC_ISA_USAGE = YES_ERROR;
				CLANG_WARN_DOCUMENTATION_COMMENTS = YES;
				CLANG_WARN_EMPTY_BODY = YES;
				CLANG_WARN_ENUM_CONVERSION = YES;
				CLANG_WARN_INFINITE_RECURSION = YES;
				CLANG_WARN_INT_CONVERSION = YES;
				CLANG_WARN_NON_LITERAL_NULL_CONVERSION = YES;
				CLANG_WARN_OBJC_IMPLICIT_RETAIN_SELF = YES;
				CLANG_WARN_OBJC_LITERAL_CONVERSION = YES;
				CLANG_WARN_OBJC_ROOT_CLASS = YES_ERROR;
				CLANG_WARN_QUOTED_INCLUDE_IN_FRAMEWORK_HEADER = YES;
				CLANG_WARN_RANGE_LOOP_ANALYSIS = YES;
				CLANG_WARN_STRICT_PROTOTYPES = YES;
				CLANG_WARN_SUSPICIOUS_MOVE = YES;
				CLANG_WARN_UNGUARDED_AVAILABILITY = YES_AGGRESSIVE;
				CLANG_WARN_UNREACHABLE_CODE = YES;
				CLANG_WARN__DUPLICATE_METHOD_MATCH = YES;
				COPY_PHASE_STRIP = NO;
				CURRENT_PROJECT_VERSION = 1;
				DEBUG_INFORMATION_FORMAT = dwarf;
				ENABLE_STRICT_OBJC_MSGSEND = YES;
				ENABLE_TESTABILITY = YES;
				ENABLE_USER_SCRIPT_SANDBOXING = YES;
				GCC_C_LANGUAGE_STANDARD = gnu17;
				GCC_DYNAMIC_NO_PIC = NO;
				GCC_NO_COMMON_BLOCKS = YES;
				GCC_OPTIMIZATION_LEVEL = 0;
				GCC_PREPROCESSOR_DEFINITIONS = (
					"DEBUG=1",
					"$(inherited)",
				);
				GCC_WARN_64_TO_32_BIT_CONVERSION = YES;
				GCC_WARN_ABOUT_RETURN_TYPE = YES_ERROR;
				GCC_WARN_UNDECLARED_SELECTOR = YES;
				GCC_WARN_UNINITIALIZED_AUTOS = YES_AGGRESSIVE;
				GCC_WARN_UNUSED_FUNCTION = YES;
				GCC_WARN_UNUSED_VARIABLE = YES;
				LOCALIZATION_PREFERS_STRING_CATALOGS = YES;
				MACOSX_DEPLOYMENT_TARGET = 14.5;
				MTL_ENABLE_DEBUG_INFO = INCLUDE_SOURCE;
				MTL_FAST_MATH = YES;
				ONLY_ACTIVE_ARCH = YES;
				SDKROOT = macosx;
				SWIFT_ACTIVE_COMPILATION_CONDITIONS = "DEBUG $(inherited)";
				SWIFT_OPTIMIZATION_LEVEL = "-Onone";
				VERSIONING_SYSTEM = "apple-generic";
				VERSION_INFO_PREFIX = "";
			};
			name = Debug;
		};
		EADC43602C90BFE1004414F0 /* Release */ = {
			isa = XCBuildConfiguration;
			buildSettings = {
				ALWAYS_SEARCH_USER_PATHS = NO;
				ASSETCATALOG_COMPILER_GENERATE_SWIFT_ASSET_SYMBOL_EXTENSIONS = YES;
				CLANG_ANALYZER_NONNULL = YES;
				CLANG_ANALYZER_NUMBER_OBJECT_CONVERSION = YES_AGGRESSIVE;
				CLANG_CXX_LANGUAGE_STANDARD = "gnu++20";
				CLANG_ENABLE_MODULES = YES;
				CLANG_ENABLE_OBJC_ARC = YES;
				CLANG_ENABLE_OBJC_WEAK = YES;
				CLANG_WARN_BLOCK_CAPTURE_AUTORELEASING = YES;
				CLANG_WARN_BOOL_CONVERSION = YES;
				CLANG_WARN_COMMA = YES;
				CLANG_WARN_CONSTANT_CONVERSION = YES;
				CLANG_WARN_DEPRECATED_OBJC_IMPLEMENTATIONS = YES;
				CLANG_WARN_DIRECT_OBJC_ISA_USAGE = YES_ERROR;
				CLANG_WARN_DOCUMENTATION_COMMENTS = YES;
				CLANG_WARN_EMPTY_BODY = YES;
				CLANG_WARN_ENUM_CONVERSION = YES;
				CLANG_WARN_INFINITE_RECURSION = YES;
				CLANG_WARN_INT_CONVERSION = YES;
				CLANG_WARN_NON_LITERAL_NULL_CONVERSION = YES;
				CLANG_WARN_OBJC_IMPLICIT_RETAIN_SELF = YES;
				CLANG_WARN_OBJC_LITERAL_CONVERSION = YES;
				CLANG_WARN_OBJC_ROOT_CLASS = YES_ERROR;
				CLANG_WARN_QUOTED_INCLUDE_IN_FRAMEWORK_HEADER = YES;
				CLANG_WARN_RANGE_LOOP_ANALYSIS = YES;
				CLANG_WARN_STRICT_PROTOTYPES = YES;
				CLANG_WARN_SUSPICIOUS_MOVE = YES;
				CLANG_WARN_UNGUARDED_AVAILABILITY = YES_AGGRESSIVE;
				CLANG_WARN_UNREACHABLE_CODE = YES;
				CLANG_WARN__DUPLICATE_METHOD_MATCH = YES;
				COPY_PHASE_STRIP = NO;
				CURRENT_PROJECT_VERSION = 1;
				DEBUG_INFORMATION_FORMAT = "dwarf-with-dsym";
				ENABLE_NS_ASSERTIONS = NO;
				ENABLE_STRICT_OBJC_MSGSEND = YES;
				ENABLE_USER_SCRIPT_SANDBOXING = YES;
				GCC_C_LANGUAGE_STANDARD = gnu17;
				GCC_NO_COMMON_BLOCKS = YES;
				GCC_WARN_64_TO_32_BIT_CONVERSION = YES;
				GCC_WARN_ABOUT_RETURN_TYPE = YES_ERROR;
				GCC_WARN_UNDECLARED_SELECTOR = YES;
				GCC_WARN_UNINITIALIZED_AUTOS = YES_AGGRESSIVE;
				GCC_WARN_UNUSED_FUNCTION = YES;
				GCC_WARN_UNUSED_VARIABLE = YES;
				LOCALIZATION_PREFERS_STRING_CATALOGS = YES;
				MACOSX_DEPLOYMENT_TARGET = 14.5;
				MTL_ENABLE_DEBUG_INFO = NO;
				MTL_FAST_MATH = YES;
				SDKROOT = macosx;
				SWIFT_COMPILATION_MODE = wholemodule;
				VERSIONING_SYSTEM = "apple-generic";
				VERSION_INFO_PREFIX = "";
			};
			name = Release;
		};
		EADC43622C90BFE1004414F0 /* Debug */ = {
			isa = XCBuildConfiguration;
			buildSettings = {
				BUILD_LIBRARY_FOR_DISTRIBUTION = YES;
				CLANG_ENABLE_MODULES = YES;
				CODE_SIGN_STYLE = Automatic;
				COMBINE_HIDPI_IMAGES = YES;
				CURRENT_PROJECT_VERSION = 1;
				DEFINES_MODULE = YES;
				DEVELOPMENT_TEAM = 6769452Z58;
				DYLIB_COMPATIBILITY_VERSION = 1;
				DYLIB_CURRENT_VERSION = 1;
				DYLIB_INSTALL_NAME_BASE = "@rpath";
				ENABLE_MODULE_VERIFIER = YES;
				GENERATE_INFOPLIST_FILE = YES;
				INFOPLIST_KEY_NSHumanReadableCopyright = "";
				INSTALL_PATH = "$(LOCAL_LIBRARY_DIR)/Frameworks";
				LD_RUNPATH_SEARCH_PATHS = (
					"$(inherited)",
					"@executable_path/../Frameworks",
					"@loader_path/Frameworks",
				);
				MARKETING_VERSION = 1.0;
				MODULE_VERIFIER_SUPPORTED_LANGUAGES = "objective-c objective-c++";
				MODULE_VERIFIER_SUPPORTED_LANGUAGE_STANDARDS = "gnu17 gnu++20";
				PRODUCT_BUNDLE_IDENTIFIER = com.distiil.BTCTracker;
				PRODUCT_NAME = "$(TARGET_NAME:c99extidentifier)";
				SKIP_INSTALL = YES;
				SUPPORTED_PLATFORMS = "iphoneos iphonesimulator macosx";
				SUPPORTS_MACCATALYST = NO;
				SWIFT_EMIT_LOC_STRINGS = YES;
				SWIFT_INSTALL_OBJC_HEADER = NO;
				SWIFT_OPTIMIZATION_LEVEL = "-Onone";
				SWIFT_VERSION = 5.0;
				TARGETED_DEVICE_FAMILY = "1,2";
			};
			name = Debug;
		};
		EADC43632C90BFE1004414F0 /* Release */ = {
			isa = XCBuildConfiguration;
			buildSettings = {
				BUILD_LIBRARY_FOR_DISTRIBUTION = YES;
				CLANG_ENABLE_MODULES = YES;
				CODE_SIGN_STYLE = Automatic;
				COMBINE_HIDPI_IMAGES = YES;
				CURRENT_PROJECT_VERSION = 1;
				DEFINES_MODULE = YES;
				DEVELOPMENT_TEAM = 6769452Z58;
				DYLIB_COMPATIBILITY_VERSION = 1;
				DYLIB_CURRENT_VERSION = 1;
				DYLIB_INSTALL_NAME_BASE = "@rpath";
				ENABLE_MODULE_VERIFIER = YES;
				GENERATE_INFOPLIST_FILE = YES;
				INFOPLIST_KEY_NSHumanReadableCopyright = "";
				INSTALL_PATH = "$(LOCAL_LIBRARY_DIR)/Frameworks";
				LD_RUNPATH_SEARCH_PATHS = (
					"$(inherited)",
					"@executable_path/../Frameworks",
					"@loader_path/Frameworks",
				);
				MARKETING_VERSION = 1.0;
				MODULE_VERIFIER_SUPPORTED_LANGUAGES = "objective-c objective-c++";
				MODULE_VERIFIER_SUPPORTED_LANGUAGE_STANDARDS = "gnu17 gnu++20";
				PRODUCT_BUNDLE_IDENTIFIER = com.distiil.BTCTracker;
				PRODUCT_NAME = "$(TARGET_NAME:c99extidentifier)";
				SKIP_INSTALL = YES;
				SUPPORTED_PLATFORMS = "iphoneos iphonesimulator macosx";
				SUPPORTS_MACCATALYST = NO;
				SWIFT_EMIT_LOC_STRINGS = YES;
				SWIFT_INSTALL_OBJC_HEADER = NO;
				SWIFT_VERSION = 5.0;
				TARGETED_DEVICE_FAMILY = "1,2";
			};
			name = Release;
		};
		EADC43652C90BFE1004414F0 /* Debug */ = {
			isa = XCBuildConfiguration;
			buildSettings = {
				ALWAYS_EMBED_SWIFT_STANDARD_LIBRARIES = YES;
				CLANG_ENABLE_MODULES = YES;
				CODE_SIGN_STYLE = Automatic;
				CURRENT_PROJECT_VERSION = 1;
				DEVELOPMENT_TEAM = 6769452Z58;
				GENERATE_INFOPLIST_FILE = YES;
				MARKETING_VERSION = 1.0;
				PRODUCT_BUNDLE_IDENTIFIER = com.distiil.BTCTrackerTests;
				PRODUCT_NAME = "$(TARGET_NAME)";
				SUPPORTED_PLATFORMS = "iphoneos iphonesimulator macosx";
				SUPPORTS_MACCATALYST = NO;
				SWIFT_EMIT_LOC_STRINGS = NO;
				SWIFT_OPTIMIZATION_LEVEL = "-Onone";
				SWIFT_VERSION = 5.0;
				TARGETED_DEVICE_FAMILY = "1,2";
			};
			name = Debug;
		};
		EADC43662C90BFE1004414F0 /* Release */ = {
			isa = XCBuildConfiguration;
			buildSettings = {
				ALWAYS_EMBED_SWIFT_STANDARD_LIBRARIES = YES;
				CLANG_ENABLE_MODULES = YES;
				CODE_SIGN_STYLE = Automatic;
				CURRENT_PROJECT_VERSION = 1;
				DEVELOPMENT_TEAM = 6769452Z58;
				GENERATE_INFOPLIST_FILE = YES;
				MARKETING_VERSION = 1.0;
				PRODUCT_BUNDLE_IDENTIFIER = com.distiil.BTCTrackerTests;
				PRODUCT_NAME = "$(TARGET_NAME)";
				SUPPORTED_PLATFORMS = "iphoneos iphonesimulator macosx";
				SUPPORTS_MACCATALYST = NO;
				SWIFT_EMIT_LOC_STRINGS = NO;
				SWIFT_VERSION = 5.0;
				TARGETED_DEVICE_FAMILY = "1,2";
			};
			name = Release;
		};
/* End XCBuildConfiguration section */

/* Begin XCConfigurationList section */
		EA5876072C93A77500CD1C34 /* Build configuration list for PBXNativeTarget "BTCTrackerAPIEndToEndTests" */ = {
			isa = XCConfigurationList;
			buildConfigurations = (
				EA5876082C93A77500CD1C34 /* Debug */,
				EA5876092C93A77500CD1C34 /* Release */,
			);
			defaultConfigurationIsVisible = 0;
			defaultConfigurationName = Release;
		};
		EAA640212C991FCB0013D594 /* Build configuration list for PBXNativeTarget "BTCTrackeriOS" */ = {
			isa = XCConfigurationList;
			buildConfigurations = (
				EAA6401D2C991FCB0013D594 /* Debug */,
				EAA6401E2C991FCB0013D594 /* Release */,
			);
			defaultConfigurationIsVisible = 0;
			defaultConfigurationName = Release;
		};
		EAA640222C991FCB0013D594 /* Build configuration list for PBXNativeTarget "BTCTrackeriOSTests" */ = {
			isa = XCConfigurationList;
			buildConfigurations = (
				EAA6401F2C991FCB0013D594 /* Debug */,
				EAA640202C991FCB0013D594 /* Release */,
			);
			defaultConfigurationIsVisible = 0;
			defaultConfigurationName = Release;
		};
		EADC43492C90BFE0004414F0 /* Build configuration list for PBXProject "BTCTracker" */ = {
			isa = XCConfigurationList;
			buildConfigurations = (
				EADC435F2C90BFE1004414F0 /* Debug */,
				EADC43602C90BFE1004414F0 /* Release */,
			);
			defaultConfigurationIsVisible = 0;
			defaultConfigurationName = Release;
		};
		EADC43612C90BFE1004414F0 /* Build configuration list for PBXNativeTarget "BTCTracker" */ = {
			isa = XCConfigurationList;
			buildConfigurations = (
				EADC43622C90BFE1004414F0 /* Debug */,
				EADC43632C90BFE1004414F0 /* Release */,
			);
			defaultConfigurationIsVisible = 0;
			defaultConfigurationName = Release;
		};
		EADC43642C90BFE1004414F0 /* Build configuration list for PBXNativeTarget "BTCTrackerTests" */ = {
			isa = XCConfigurationList;
			buildConfigurations = (
				EADC43652C90BFE1004414F0 /* Debug */,
				EADC43662C90BFE1004414F0 /* Release */,
			);
			defaultConfigurationIsVisible = 0;
			defaultConfigurationName = Release;
		};
/* End XCConfigurationList section */
	};
	rootObject = EADC43462C90BFE0004414F0 /* Project object */;
}
